// !$*UTF8*$!
{
	archiveVersion = 1;
	classes = {
	};
	objectVersion = 51;
	objects = {

/* Begin PBXBuildFile section */
		0FCAD44F22BA9BC800BFA931 /* DateFormatter+Extra.swift in Sources */ = {isa = PBXBuildFile; fileRef = 0FCAD44E22BA9BC800BFA931 /* DateFormatter+Extra.swift */; };
		0FCAD45122BA9F3B00BFA931 /* GraphQLRequest.swift in Sources */ = {isa = PBXBuildFile; fileRef = 0FCAD45022BA9F3B00BFA931 /* GraphQLRequest.swift */; };
		0FCAD45322BAA4BB00BFA931 /* MockResponse.swift in Sources */ = {isa = PBXBuildFile; fileRef = 0FCAD45222BAA4BB00BFA931 /* MockResponse.swift */; };
		3088C3F363EB74FC188038E2 /* Pods_graphql_ios.framework in Frameworks */ = {isa = PBXBuildFile; fileRef = FD9BF25D3A418576D8C9D23E /* Pods_graphql_ios.framework */; };
		8851E15A22B9820D00B8A2C1 /* GraphQLJSONDecoderTests.swift in Sources */ = {isa = PBXBuildFile; fileRef = 8851E15922B9820D00B8A2C1 /* GraphQLJSONDecoderTests.swift */; };
		A52B129122A6BCD100EAA97E /* GraphQLJSONDecoder.swift in Sources */ = {isa = PBXBuildFile; fileRef = A52B129022A6BCD100EAA97E /* GraphQLJSONDecoder.swift */; };
		A52B12B122A6C00600EAA97E /* CustomDictionaryLiteral.swift in Sources */ = {isa = PBXBuildFile; fileRef = A52B12B022A6C00600EAA97E /* CustomDictionaryLiteral.swift */; };
		A52B12BD22A6C36F00EAA97E /* String+Extra.swift in Sources */ = {isa = PBXBuildFile; fileRef = A52B12BC22A6C36F00EAA97E /* String+Extra.swift */; };
		A52B12BF22A6C45800EAA97E /* Bundle+Extra.swift in Sources */ = {isa = PBXBuildFile; fileRef = A52B12BE22A6C45800EAA97E /* Bundle+Extra.swift */; };
		A5B6774F22A5ACF700708DD3 /* graphql_ios.framework in Frameworks */ = {isa = PBXBuildFile; fileRef = A5B6774522A5ACF700708DD3 /* graphql_ios.framework */; };
		A5B6775622A5ACF700708DD3 /* graphql_ios.h in Headers */ = {isa = PBXBuildFile; fileRef = A5B6774822A5ACF700708DD3 /* graphql_ios.h */; settings = {ATTRIBUTES = (Public, ); }; };
		A5B6776A22A5AE1400708DD3 /* GraphQLClient.swift in Sources */ = {isa = PBXBuildFile; fileRef = A5B6776322A5AE1400708DD3 /* GraphQLClient.swift */; };
		A5B6776D22A5AE1400708DD3 /* GraphQLClientProtocol.swift in Sources */ = {isa = PBXBuildFile; fileRef = A5B6776622A5AE1400708DD3 /* GraphQLClientProtocol.swift */; };
		A5B6777322A5B0E100708DD3 /* GraphQLNamedOperationError.swift in Sources */ = {isa = PBXBuildFile; fileRef = A5B6777022A5B0E000708DD3 /* GraphQLNamedOperationError.swift */; };
		A5B6777422A5B0E100708DD3 /* GraphQLOperationError.swift in Sources */ = {isa = PBXBuildFile; fileRef = A5B6777122A5B0E000708DD3 /* GraphQLOperationError.swift */; };
		A5B6777522A5B0E100708DD3 /* GraphQLError.swift in Sources */ = {isa = PBXBuildFile; fileRef = A5B6777222A5B0E100708DD3 /* GraphQLError.swift */; };
		A5B6777922A5B10200708DD3 /* GraphQLPayload.swift in Sources */ = {isa = PBXBuildFile; fileRef = A5B6777622A5B10200708DD3 /* GraphQLPayload.swift */; };
		A5B6777A22A5B10200708DD3 /* GraphQLDecodable.swift in Sources */ = {isa = PBXBuildFile; fileRef = A5B6777722A5B10200708DD3 /* GraphQLDecodable.swift */; };
		A5B6777B22A5B10200708DD3 /* GraphQLResponse.swift in Sources */ = {isa = PBXBuildFile; fileRef = A5B6777822A5B10200708DD3 /* GraphQLResponse.swift */; };
		A5BFD28B22A99AED00B37555 /* GraphQLProvider.swift in Sources */ = {isa = PBXBuildFile; fileRef = A5BFD28A22A99AED00B37555 /* GraphQLProvider.swift */; };
		A5BFD29222AEA33500B37555 /* GraphQLRemoteErrorTests.swift in Sources */ = {isa = PBXBuildFile; fileRef = A5BFD29122AEA33500B37555 /* GraphQLRemoteErrorTests.swift */; };
		A5C595E522A811C100028D1F /* GraphQLRemoteError.swift in Sources */ = {isa = PBXBuildFile; fileRef = A5C595E422A811C100028D1F /* GraphQLRemoteError.swift */; };
		A5C595E722A836C400028D1F /* GraphQLAuthentication.swift in Sources */ = {isa = PBXBuildFile; fileRef = A5C595E622A836C400028D1F /* GraphQLAuthentication.swift */; };
		A5C595EB22A967FD00028D1F /* GraphQLLogging.swift in Sources */ = {isa = PBXBuildFile; fileRef = A5C595EA22A967FD00028D1F /* GraphQLLogging.swift */; };
		A5D2EC6522AEE61500626D76 /* GraphQLClientTests.swift in Sources */ = {isa = PBXBuildFile; fileRef = A5D2EC6422AEE61500626D76 /* GraphQLClientTests.swift */; };
		A5D2EC6722AEE69B00626D76 /* StubManager.swift in Sources */ = {isa = PBXBuildFile; fileRef = A5D2EC6622AEE69B00626D76 /* StubManager.swift */; };
		A5D2EC6B22AEEBE300626D76 /* MockLogger.swift in Sources */ = {isa = PBXBuildFile; fileRef = A5D2EC6A22AEEBE300626D76 /* MockLogger.swift */; };
		A5D2EC6D22AEEC9A00626D76 /* MockProvider.swift in Sources */ = {isa = PBXBuildFile; fileRef = A5D2EC6C22AEEC9A00626D76 /* MockProvider.swift */; };
		A5D2EC7522AEF4E500626D76 /* GraphQLValidatingTests.swift in Sources */ = {isa = PBXBuildFile; fileRef = A5D2EC7422AEF4E500626D76 /* GraphQLValidatingTests.swift */; };
		A5D2EC7722AEF5A500626D76 /* MockRequest.swift in Sources */ = {isa = PBXBuildFile; fileRef = A5D2EC7622AEF5A500626D76 /* MockRequest.swift */; };
		A5D2EC8E22AEF95F00626D76 /* GraphQLResponseValidatorTests.swift in Sources */ = {isa = PBXBuildFile; fileRef = A5D2EC8D22AEF95F00626D76 /* GraphQLResponseValidatorTests.swift */; };
		C3CFDE3E4A9CFC31CACFA50E /* Pods_graphql_ios.framework in Frameworks */ = {isa = PBXBuildFile; fileRef = 8048760F790EB4649BB286AF /* Pods_graphql_ios.framework */; };
		E0737342D982C6223176CD35 /* Pods_graphql_iosTests.framework in Frameworks */ = {isa = PBXBuildFile; fileRef = 5569D19D30C38659AFBEBD3F /* Pods_graphql_iosTests.framework */; };
/* End PBXBuildFile section */

/* Begin PBXContainerItemProxy section */
		A5B6775022A5ACF700708DD3 /* PBXContainerItemProxy */ = {
			isa = PBXContainerItemProxy;
			containerPortal = A5B6773C22A5ACF700708DD3 /* Project object */;
			proxyType = 1;
			remoteGlobalIDString = A5B6774422A5ACF700708DD3;
			remoteInfo = "graphql-ios";
		};
/* End PBXContainerItemProxy section */

/* Begin PBXFileReference section */
		0FCAD44E22BA9BC800BFA931 /* DateFormatter+Extra.swift */ = {isa = PBXFileReference; lastKnownFileType = sourcecode.swift; path = "DateFormatter+Extra.swift"; sourceTree = "<group>"; };
		0FCAD45022BA9F3B00BFA931 /* GraphQLRequest.swift */ = {isa = PBXFileReference; lastKnownFileType = sourcecode.swift; path = GraphQLRequest.swift; sourceTree = "<group>"; };
		0FCAD45222BAA4BB00BFA931 /* MockResponse.swift */ = {isa = PBXFileReference; lastKnownFileType = sourcecode.swift; path = MockResponse.swift; sourceTree = "<group>"; };
		31ECD3641C634A8788AA2152 /* Pods-graphql-iosTests.release.xcconfig */ = {isa = PBXFileReference; includeInIndex = 1; lastKnownFileType = text.xcconfig; name = "Pods-graphql-iosTests.release.xcconfig"; path = "Pods/Target Support Files/Pods-graphql-iosTests/Pods-graphql-iosTests.release.xcconfig"; sourceTree = "<group>"; };
		34572D952D9B40B9BC9F3F60 /* Pods-graphql-ios.release.xcconfig */ = {isa = PBXFileReference; includeInIndex = 1; lastKnownFileType = text.xcconfig; name = "Pods-graphql-ios.release.xcconfig"; path = "Pods/Target Support Files/Pods-graphql-ios/Pods-graphql-ios.release.xcconfig"; sourceTree = "<group>"; };
		5569D19D30C38659AFBEBD3F /* Pods_graphql_iosTests.framework */ = {isa = PBXFileReference; explicitFileType = wrapper.framework; includeInIndex = 0; path = Pods_graphql_iosTests.framework; sourceTree = BUILT_PRODUCTS_DIR; };
		8048760F790EB4649BB286AF /* Pods_graphql_ios.framework */ = {isa = PBXFileReference; explicitFileType = wrapper.framework; includeInIndex = 0; path = Pods_graphql_ios.framework; sourceTree = BUILT_PRODUCTS_DIR; };
		8851E15922B9820D00B8A2C1 /* GraphQLJSONDecoderTests.swift */ = {isa = PBXFileReference; lastKnownFileType = sourcecode.swift; path = GraphQLJSONDecoderTests.swift; sourceTree = "<group>"; };
		8CAC723269A642BB899C8B86 /* Pods-graphql-ios.debug.xcconfig */ = {isa = PBXFileReference; includeInIndex = 1; lastKnownFileType = text.xcconfig; name = "Pods-graphql-ios.debug.xcconfig"; path = "Pods/Target Support Files/Pods-graphql-ios/Pods-graphql-ios.debug.xcconfig"; sourceTree = "<group>"; };
		A52B129022A6BCD100EAA97E /* GraphQLJSONDecoder.swift */ = {isa = PBXFileReference; fileEncoding = 4; lastKnownFileType = sourcecode.swift; path = GraphQLJSONDecoder.swift; sourceTree = "<group>"; };
		A52B12B022A6C00600EAA97E /* CustomDictionaryLiteral.swift */ = {isa = PBXFileReference; fileEncoding = 4; lastKnownFileType = sourcecode.swift; path = CustomDictionaryLiteral.swift; sourceTree = "<group>"; };
		A52B12BC22A6C36F00EAA97E /* String+Extra.swift */ = {isa = PBXFileReference; lastKnownFileType = sourcecode.swift; path = "String+Extra.swift"; sourceTree = "<group>"; };
		A52B12BE22A6C45800EAA97E /* Bundle+Extra.swift */ = {isa = PBXFileReference; lastKnownFileType = sourcecode.swift; path = "Bundle+Extra.swift"; sourceTree = "<group>"; };
		A5B6774522A5ACF700708DD3 /* graphql_ios.framework */ = {isa = PBXFileReference; explicitFileType = wrapper.framework; includeInIndex = 0; path = graphql_ios.framework; sourceTree = BUILT_PRODUCTS_DIR; };
		A5B6774822A5ACF700708DD3 /* graphql_ios.h */ = {isa = PBXFileReference; lastKnownFileType = sourcecode.c.h; path = graphql_ios.h; sourceTree = "<group>"; };
		A5B6774922A5ACF700708DD3 /* Info.plist */ = {isa = PBXFileReference; lastKnownFileType = text.plist.xml; path = Info.plist; sourceTree = "<group>"; };
		A5B6774E22A5ACF700708DD3 /* graphql-iosTests.xctest */ = {isa = PBXFileReference; explicitFileType = wrapper.cfbundle; includeInIndex = 0; path = "graphql-iosTests.xctest"; sourceTree = BUILT_PRODUCTS_DIR; };
		A5B6775522A5ACF700708DD3 /* Info.plist */ = {isa = PBXFileReference; lastKnownFileType = text.plist.xml; path = Info.plist; sourceTree = "<group>"; };
		A5B6776322A5AE1400708DD3 /* GraphQLClient.swift */ = {isa = PBXFileReference; fileEncoding = 4; lastKnownFileType = sourcecode.swift; path = GraphQLClient.swift; sourceTree = "<group>"; };
		A5B6776622A5AE1400708DD3 /* GraphQLClientProtocol.swift */ = {isa = PBXFileReference; fileEncoding = 4; lastKnownFileType = sourcecode.swift; path = GraphQLClientProtocol.swift; sourceTree = "<group>"; };
		A5B6777022A5B0E000708DD3 /* GraphQLNamedOperationError.swift */ = {isa = PBXFileReference; fileEncoding = 4; lastKnownFileType = sourcecode.swift; path = GraphQLNamedOperationError.swift; sourceTree = "<group>"; };
		A5B6777122A5B0E000708DD3 /* GraphQLOperationError.swift */ = {isa = PBXFileReference; fileEncoding = 4; lastKnownFileType = sourcecode.swift; path = GraphQLOperationError.swift; sourceTree = "<group>"; };
		A5B6777222A5B0E100708DD3 /* GraphQLError.swift */ = {isa = PBXFileReference; fileEncoding = 4; lastKnownFileType = sourcecode.swift; path = GraphQLError.swift; sourceTree = "<group>"; };
		A5B6777622A5B10200708DD3 /* GraphQLPayload.swift */ = {isa = PBXFileReference; fileEncoding = 4; lastKnownFileType = sourcecode.swift; path = GraphQLPayload.swift; sourceTree = "<group>"; };
		A5B6777722A5B10200708DD3 /* GraphQLDecodable.swift */ = {isa = PBXFileReference; fileEncoding = 4; lastKnownFileType = sourcecode.swift; path = GraphQLDecodable.swift; sourceTree = "<group>"; };
		A5B6777822A5B10200708DD3 /* GraphQLResponse.swift */ = {isa = PBXFileReference; fileEncoding = 4; lastKnownFileType = sourcecode.swift; path = GraphQLResponse.swift; sourceTree = "<group>"; };
		A5BFD28A22A99AED00B37555 /* GraphQLProvider.swift */ = {isa = PBXFileReference; fileEncoding = 4; lastKnownFileType = sourcecode.swift; path = GraphQLProvider.swift; sourceTree = "<group>"; };
		A5BFD29122AEA33500B37555 /* GraphQLRemoteErrorTests.swift */ = {isa = PBXFileReference; lastKnownFileType = sourcecode.swift; path = GraphQLRemoteErrorTests.swift; sourceTree = "<group>"; };
		A5C595E422A811C100028D1F /* GraphQLRemoteError.swift */ = {isa = PBXFileReference; lastKnownFileType = sourcecode.swift; path = GraphQLRemoteError.swift; sourceTree = "<group>"; };
		A5C595E622A836C400028D1F /* GraphQLAuthentication.swift */ = {isa = PBXFileReference; fileEncoding = 4; lastKnownFileType = sourcecode.swift; path = GraphQLAuthentication.swift; sourceTree = "<group>"; };
		A5C595EA22A967FD00028D1F /* GraphQLLogging.swift */ = {isa = PBXFileReference; lastKnownFileType = sourcecode.swift; path = GraphQLLogging.swift; sourceTree = "<group>"; };
		A5D2EC6422AEE61500626D76 /* GraphQLClientTests.swift */ = {isa = PBXFileReference; lastKnownFileType = sourcecode.swift; path = GraphQLClientTests.swift; sourceTree = "<group>"; };
		A5D2EC6622AEE69B00626D76 /* StubManager.swift */ = {isa = PBXFileReference; lastKnownFileType = sourcecode.swift; path = StubManager.swift; sourceTree = "<group>"; };
		A5D2EC6A22AEEBE300626D76 /* MockLogger.swift */ = {isa = PBXFileReference; lastKnownFileType = sourcecode.swift; path = MockLogger.swift; sourceTree = "<group>"; };
		A5D2EC6C22AEEC9A00626D76 /* MockProvider.swift */ = {isa = PBXFileReference; lastKnownFileType = sourcecode.swift; path = MockProvider.swift; sourceTree = "<group>"; };
		A5D2EC7422AEF4E500626D76 /* GraphQLValidatingTests.swift */ = {isa = PBXFileReference; lastKnownFileType = sourcecode.swift; path = GraphQLValidatingTests.swift; sourceTree = "<group>"; };
		A5D2EC7622AEF5A500626D76 /* MockRequest.swift */ = {isa = PBXFileReference; lastKnownFileType = sourcecode.swift; path = MockRequest.swift; sourceTree = "<group>"; };
		A5D2EC8D22AEF95F00626D76 /* GraphQLResponseValidatorTests.swift */ = {isa = PBXFileReference; lastKnownFileType = sourcecode.swift; path = GraphQLResponseValidatorTests.swift; sourceTree = "<group>"; };
		CF2987E69367824BB4B6F464 /* libPods-graphql-iosTests.a */ = {isa = PBXFileReference; explicitFileType = archive.ar; includeInIndex = 0; path = "libPods-graphql-iosTests.a"; sourceTree = BUILT_PRODUCTS_DIR; };
		FD9BF25D3A418576D8C9D23E /* Pods_graphql_ios.framework */ = {isa = PBXFileReference; explicitFileType = wrapper.framework; includeInIndex = 0; path = Pods_graphql_ios.framework; sourceTree = BUILT_PRODUCTS_DIR; };
		FF727609E3B635DF3AA19349 /* Pods-graphql-iosTests.debug.xcconfig */ = {isa = PBXFileReference; includeInIndex = 1; lastKnownFileType = text.xcconfig; name = "Pods-graphql-iosTests.debug.xcconfig"; path = "Pods/Target Support Files/Pods-graphql-iosTests/Pods-graphql-iosTests.debug.xcconfig"; sourceTree = "<group>"; };
/* End PBXFileReference section */

/* Begin PBXFrameworksBuildPhase section */
		A5B6774222A5ACF700708DD3 /* Frameworks */ = {
			isa = PBXFrameworksBuildPhase;
			buildActionMask = 2147483647;
			files = (
				3088C3F363EB74FC188038E2 /* Pods_graphql_ios.framework in Frameworks */,
				C3CFDE3E4A9CFC31CACFA50E /* Pods_graphql_ios.framework in Frameworks */,
			);
			runOnlyForDeploymentPostprocessing = 0;
		};
		A5B6774B22A5ACF700708DD3 /* Frameworks */ = {
			isa = PBXFrameworksBuildPhase;
			buildActionMask = 2147483647;
			files = (
				A5B6774F22A5ACF700708DD3 /* graphql_ios.framework in Frameworks */,
				E0737342D982C6223176CD35 /* Pods_graphql_iosTests.framework in Frameworks */,
			);
			runOnlyForDeploymentPostprocessing = 0;
		};
/* End PBXFrameworksBuildPhase section */

/* Begin PBXGroup section */
		45D13B9FBE9387DF89215450 /* Pods */ = {
			isa = PBXGroup;
			children = (
				8CAC723269A642BB899C8B86 /* Pods-graphql-ios.debug.xcconfig */,
				34572D952D9B40B9BC9F3F60 /* Pods-graphql-ios.release.xcconfig */,
				FF727609E3B635DF3AA19349 /* Pods-graphql-iosTests.debug.xcconfig */,
				31ECD3641C634A8788AA2152 /* Pods-graphql-iosTests.release.xcconfig */,
			);
			name = Pods;
			sourceTree = "<group>";
		};
		8851E15822B981F900B8A2C1 /* Utils */ = {
			isa = PBXGroup;
			children = (
				8851E15922B9820D00B8A2C1 /* GraphQLJSONDecoderTests.swift */,
			);
			path = Utils;
			sourceTree = "<group>";
		};
		A52B128F22A6BCC000EAA97E /* Utils */ = {
			isa = PBXGroup;
			children = (
				A52B129022A6BCD100EAA97E /* GraphQLJSONDecoder.swift */,
			);
			path = Utils;
			sourceTree = "<group>";
		};
		A52B12AF22A6BFDE00EAA97E /* Protocols */ = {
			isa = PBXGroup;
			children = (
				A5BFD28A22A99AED00B37555 /* GraphQLProvider.swift */,
				A52B12B022A6C00600EAA97E /* CustomDictionaryLiteral.swift */,
				A5C595EA22A967FD00028D1F /* GraphQLLogging.swift */,
			);
			path = Protocols;
			sourceTree = "<group>";
		};
		A52B12BB22A6C35E00EAA97E /* Extensions */ = {
			isa = PBXGroup;
			children = (
				A52B12BC22A6C36F00EAA97E /* String+Extra.swift */,
				A52B12BE22A6C45800EAA97E /* Bundle+Extra.swift */,
				0FCAD44E22BA9BC800BFA931 /* DateFormatter+Extra.swift */,
			);
			path = Extensions;
			sourceTree = "<group>";
		};
		A5B6773B22A5ACF700708DD3 = {
			isa = PBXGroup;
			children = (
				A5B6774722A5ACF700708DD3 /* graphql-ios */,
				A5B6775222A5ACF700708DD3 /* graphql-iosTests */,
				A5B6774622A5ACF700708DD3 /* Products */,
				45D13B9FBE9387DF89215450 /* Pods */,
				F40FC23B399D73BAFA52EA45 /* Frameworks */,
				A5D2EC6222AEE13200626D76 /* Recovered References */,
			);
			sourceTree = "<group>";
		};
		A5B6774622A5ACF700708DD3 /* Products */ = {
			isa = PBXGroup;
			children = (
				A5B6774522A5ACF700708DD3 /* graphql_ios.framework */,
				A5B6774E22A5ACF700708DD3 /* graphql-iosTests.xctest */,
			);
			name = Products;
			sourceTree = "<group>";
		};
		A5B6774722A5ACF700708DD3 /* graphql-ios */ = {
			isa = PBXGroup;
			children = (
				A52B12BB22A6C35E00EAA97E /* Extensions */,
				A52B12AF22A6BFDE00EAA97E /* Protocols */,
				A52B128F22A6BCC000EAA97E /* Utils */,
				A5B6776E22A5B04800708DD3 /* Models */,
				A5B6775F22A5ADEE00708DD3 /* Service */,
				A5B6774822A5ACF700708DD3 /* graphql_ios.h */,
				A5B6774922A5ACF700708DD3 /* Info.plist */,
			);
			path = "graphql-ios";
			sourceTree = "<group>";
		};
		A5B6775222A5ACF700708DD3 /* graphql-iosTests */ = {
			isa = PBXGroup;
			children = (
				8851E15822B981F900B8A2C1 /* Utils */,
				A5D2EC6822AEE6A300626D76 /* TestHelpers */,
				A5BFD29022AEA31900B37555 /* Models */,
				A5D2EC6322AEE5F700626D76 /* Service */,
				A5B6775522A5ACF700708DD3 /* Info.plist */,
			);
			path = "graphql-iosTests";
			sourceTree = "<group>";
		};
		A5B6775F22A5ADEE00708DD3 /* Service */ = {
			isa = PBXGroup;
			children = (
				A5C595E622A836C400028D1F /* GraphQLAuthentication.swift */,
				A5B6776322A5AE1400708DD3 /* GraphQLClient.swift */,
				A5B6776622A5AE1400708DD3 /* GraphQLClientProtocol.swift */,
			);
			path = Service;
			sourceTree = "<group>";
		};
		A5B6776E22A5B04800708DD3 /* Models */ = {
			isa = PBXGroup;
			children = (
				A5B6776F22A5B06000708DD3 /* Errors */,
				A5B6777722A5B10200708DD3 /* GraphQLDecodable.swift */,
				A5B6777622A5B10200708DD3 /* GraphQLPayload.swift */,
				A5B6777822A5B10200708DD3 /* GraphQLResponse.swift */,
				0FCAD45022BA9F3B00BFA931 /* GraphQLRequest.swift */,
			);
			path = Models;
			sourceTree = "<group>";
		};
		A5B6776F22A5B06000708DD3 /* Errors */ = {
			isa = PBXGroup;
			children = (
				A5C595E422A811C100028D1F /* GraphQLRemoteError.swift */,
				A5B6777222A5B0E100708DD3 /* GraphQLError.swift */,
				A5B6777022A5B0E000708DD3 /* GraphQLNamedOperationError.swift */,
				A5B6777122A5B0E000708DD3 /* GraphQLOperationError.swift */,
			);
			path = Errors;
			sourceTree = "<group>";
		};
		A5BFD29022AEA31900B37555 /* Models */ = {
			isa = PBXGroup;
			children = (
				A5BFD29122AEA33500B37555 /* GraphQLRemoteErrorTests.swift */,
			);
			path = Models;
			sourceTree = "<group>";
		};
		A5D2EC6222AEE13200626D76 /* Recovered References */ = {
			isa = PBXGroup;
			children = (
				FD9BF25D3A418576D8C9D23E /* Pods_graphql_ios.framework */,
			);
			name = "Recovered References";
			sourceTree = "<group>";
		};
		A5D2EC6322AEE5F700626D76 /* Service */ = {
			isa = PBXGroup;
			children = (
				A5D2EC6422AEE61500626D76 /* GraphQLClientTests.swift */,
				A5D2EC7422AEF4E500626D76 /* GraphQLValidatingTests.swift */,
				A5D2EC8D22AEF95F00626D76 /* GraphQLResponseValidatorTests.swift */,
			);
			path = Service;
			sourceTree = "<group>";
		};
		A5D2EC6822AEE6A300626D76 /* TestHelpers */ = {
			isa = PBXGroup;
			children = (
				A5D2EC6922AEEBD700626D76 /* Mocks */,
				A5D2EC6622AEE69B00626D76 /* StubManager.swift */,
			);
			path = TestHelpers;
			sourceTree = "<group>";
		};
		A5D2EC6922AEEBD700626D76 /* Mocks */ = {
			isa = PBXGroup;
			children = (
				A5D2EC6A22AEEBE300626D76 /* MockLogger.swift */,
				A5D2EC6C22AEEC9A00626D76 /* MockProvider.swift */,
				A5D2EC7622AEF5A500626D76 /* MockRequest.swift */,
				0FCAD45222BAA4BB00BFA931 /* MockResponse.swift */,
			);
			path = Mocks;
			sourceTree = "<group>";
		};
		F40FC23B399D73BAFA52EA45 /* Frameworks */ = {
			isa = PBXGroup;
			children = (
				CF2987E69367824BB4B6F464 /* libPods-graphql-iosTests.a */,
				8048760F790EB4649BB286AF /* Pods_graphql_ios.framework */,
				5569D19D30C38659AFBEBD3F /* Pods_graphql_iosTests.framework */,
			);
			name = Frameworks;
			sourceTree = "<group>";
		};
/* End PBXGroup section */

/* Begin PBXHeadersBuildPhase section */
		A5B6774022A5ACF700708DD3 /* Headers */ = {
			isa = PBXHeadersBuildPhase;
			buildActionMask = 2147483647;
			files = (
				A5B6775622A5ACF700708DD3 /* graphql_ios.h in Headers */,
			);
			runOnlyForDeploymentPostprocessing = 0;
		};
/* End PBXHeadersBuildPhase section */

/* Begin PBXNativeTarget section */
		A5B6774422A5ACF700708DD3 /* graphql-ios */ = {
			isa = PBXNativeTarget;
			buildConfigurationList = A5B6775922A5ACF700708DD3 /* Build configuration list for PBXNativeTarget "graphql-ios" */;
			buildPhases = (
				11BB2BA8E3C1E531876403D7 /* [CP] Check Pods Manifest.lock */,
				A5B6774022A5ACF700708DD3 /* Headers */,
				A5B6774122A5ACF700708DD3 /* Sources */,
				A5B6774222A5ACF700708DD3 /* Frameworks */,
				A5B6774322A5ACF700708DD3 /* Resources */,
			);
			buildRules = (
			);
			dependencies = (
			);
			name = "graphql-ios";
			productName = "graphql-ios";
			productReference = A5B6774522A5ACF700708DD3 /* graphql_ios.framework */;
			productType = "com.apple.product-type.framework";
		};
		A5B6774D22A5ACF700708DD3 /* graphql-iosTests */ = {
			isa = PBXNativeTarget;
			buildConfigurationList = A5B6775C22A5ACF700708DD3 /* Build configuration list for PBXNativeTarget "graphql-iosTests" */;
			buildPhases = (
				6F43391ECD37A798AE26B5C4 /* [CP] Check Pods Manifest.lock */,
				A5B6774A22A5ACF700708DD3 /* Sources */,
				A5B6774B22A5ACF700708DD3 /* Frameworks */,
				A5B6774C22A5ACF700708DD3 /* Resources */,
				4DC062378A184CD23514E879 /* [CP] Embed Pods Frameworks */,
			);
			buildRules = (
			);
			dependencies = (
				A5B6775122A5ACF700708DD3 /* PBXTargetDependency */,
			);
			name = "graphql-iosTests";
			productName = "graphql-iosTests";
			productReference = A5B6774E22A5ACF700708DD3 /* graphql-iosTests.xctest */;
			productType = "com.apple.product-type.bundle.unit-test";
		};
/* End PBXNativeTarget section */

/* Begin PBXProject section */
		A5B6773C22A5ACF700708DD3 /* Project object */ = {
			isa = PBXProject;
			attributes = {
				LastSwiftUpdateCheck = 1020;
				LastUpgradeCheck = 1020;
				ORGANIZATIONNAME = Fooda;
				TargetAttributes = {
					A5B6774422A5ACF700708DD3 = {
						CreatedOnToolsVersion = 10.2.1;
						LastSwiftMigration = 1020;
					};
					A5B6774D22A5ACF700708DD3 = {
						CreatedOnToolsVersion = 10.2.1;
					};
				};
			};
			buildConfigurationList = A5B6773F22A5ACF700708DD3 /* Build configuration list for PBXProject "graphql-ios" */;
			compatibilityVersion = "Xcode 9.3";
			developmentRegion = en;
			hasScannedForEncodings = 0;
			knownRegions = (
				en,
			);
			mainGroup = A5B6773B22A5ACF700708DD3;
			productRefGroup = A5B6774622A5ACF700708DD3 /* Products */;
			projectDirPath = "";
			projectRoot = "";
			targets = (
				A5B6774422A5ACF700708DD3 /* graphql-ios */,
				A5B6774D22A5ACF700708DD3 /* graphql-iosTests */,
			);
		};
/* End PBXProject section */

/* Begin PBXResourcesBuildPhase section */
		A5B6774322A5ACF700708DD3 /* Resources */ = {
			isa = PBXResourcesBuildPhase;
			buildActionMask = 2147483647;
			files = (
			);
			runOnlyForDeploymentPostprocessing = 0;
		};
		A5B6774C22A5ACF700708DD3 /* Resources */ = {
			isa = PBXResourcesBuildPhase;
			buildActionMask = 2147483647;
			files = (
			);
			runOnlyForDeploymentPostprocessing = 0;
		};
/* End PBXResourcesBuildPhase section */

/* Begin PBXShellScriptBuildPhase section */
		11BB2BA8E3C1E531876403D7 /* [CP] Check Pods Manifest.lock */ = {
			isa = PBXShellScriptBuildPhase;
			buildActionMask = 2147483647;
			files = (
			);
			inputFileListPaths = (
			);
			inputPaths = (
				"${PODS_PODFILE_DIR_PATH}/Podfile.lock",
				"${PODS_ROOT}/Manifest.lock",
			);
			name = "[CP] Check Pods Manifest.lock";
			outputFileListPaths = (
			);
			outputPaths = (
				"$(DERIVED_FILE_DIR)/Pods-graphql-ios-checkManifestLockResult.txt",
			);
			runOnlyForDeploymentPostprocessing = 0;
			shellPath = /bin/sh;
			shellScript = "diff \"${PODS_PODFILE_DIR_PATH}/Podfile.lock\" \"${PODS_ROOT}/Manifest.lock\" > /dev/null\nif [ $? != 0 ] ; then\n    # print error to STDERR\n    echo \"error: The sandbox is not in sync with the Podfile.lock. Run 'pod install' or update your CocoaPods installation.\" >&2\n    exit 1\nfi\n# This output is used by Xcode 'outputs' to avoid re-running this script phase.\necho \"SUCCESS\" > \"${SCRIPT_OUTPUT_FILE_0}\"\n";
			showEnvVarsInLog = 0;
		};
		4DC062378A184CD23514E879 /* [CP] Embed Pods Frameworks */ = {
			isa = PBXShellScriptBuildPhase;
			buildActionMask = 2147483647;
			files = (
			);
			inputFileListPaths = (
				"${PODS_ROOT}/Target Support Files/Pods-graphql-iosTests/Pods-graphql-iosTests-frameworks-${CONFIGURATION}-input-files.xcfilelist",
			);
			name = "[CP] Embed Pods Frameworks";
			outputFileListPaths = (
				"${PODS_ROOT}/Target Support Files/Pods-graphql-iosTests/Pods-graphql-iosTests-frameworks-${CONFIGURATION}-output-files.xcfilelist",
			);
			runOnlyForDeploymentPostprocessing = 0;
			shellPath = /bin/sh;
			shellScript = "\"${PODS_ROOT}/Target Support Files/Pods-graphql-iosTests/Pods-graphql-iosTests-frameworks.sh\"\n";
			showEnvVarsInLog = 0;
		};
		6F43391ECD37A798AE26B5C4 /* [CP] Check Pods Manifest.lock */ = {
			isa = PBXShellScriptBuildPhase;
			buildActionMask = 2147483647;
			files = (
			);
			inputFileListPaths = (
			);
			inputPaths = (
				"${PODS_PODFILE_DIR_PATH}/Podfile.lock",
				"${PODS_ROOT}/Manifest.lock",
			);
			name = "[CP] Check Pods Manifest.lock";
			outputFileListPaths = (
			);
			outputPaths = (
				"$(DERIVED_FILE_DIR)/Pods-graphql-iosTests-checkManifestLockResult.txt",
			);
			runOnlyForDeploymentPostprocessing = 0;
			shellPath = /bin/sh;
			shellScript = "diff \"${PODS_PODFILE_DIR_PATH}/Podfile.lock\" \"${PODS_ROOT}/Manifest.lock\" > /dev/null\nif [ $? != 0 ] ; then\n    # print error to STDERR\n    echo \"error: The sandbox is not in sync with the Podfile.lock. Run 'pod install' or update your CocoaPods installation.\" >&2\n    exit 1\nfi\n# This output is used by Xcode 'outputs' to avoid re-running this script phase.\necho \"SUCCESS\" > \"${SCRIPT_OUTPUT_FILE_0}\"\n";
			showEnvVarsInLog = 0;
		};
/* End PBXShellScriptBuildPhase section */

/* Begin PBXSourcesBuildPhase section */
		A5B6774122A5ACF700708DD3 /* Sources */ = {
			isa = PBXSourcesBuildPhase;
			buildActionMask = 2147483647;
			files = (
				A5BFD28B22A99AED00B37555 /* GraphQLProvider.swift in Sources */,
				A52B129122A6BCD100EAA97E /* GraphQLJSONDecoder.swift in Sources */,
				A5B6777B22A5B10200708DD3 /* GraphQLResponse.swift in Sources */,
				A5C595EB22A967FD00028D1F /* GraphQLLogging.swift in Sources */,
				A5B6776A22A5AE1400708DD3 /* GraphQLClient.swift in Sources */,
				A5C595E522A811C100028D1F /* GraphQLRemoteError.swift in Sources */,
				A5B6777A22A5B10200708DD3 /* GraphQLDecodable.swift in Sources */,
				A5B6777422A5B0E100708DD3 /* GraphQLOperationError.swift in Sources */,
				A5B6777322A5B0E100708DD3 /* GraphQLNamedOperationError.swift in Sources */,
				A5B6777522A5B0E100708DD3 /* GraphQLError.swift in Sources */,
				0FCAD44F22BA9BC800BFA931 /* DateFormatter+Extra.swift in Sources */,
				A52B12B122A6C00600EAA97E /* CustomDictionaryLiteral.swift in Sources */,
				A52B12BD22A6C36F00EAA97E /* String+Extra.swift in Sources */,
				A5B6777922A5B10200708DD3 /* GraphQLPayload.swift in Sources */,
				A5C595E722A836C400028D1F /* GraphQLAuthentication.swift in Sources */,
				A5B6776D22A5AE1400708DD3 /* GraphQLClientProtocol.swift in Sources */,
				A52B12BF22A6C45800EAA97E /* Bundle+Extra.swift in Sources */,
				0FCAD45122BA9F3B00BFA931 /* GraphQLRequest.swift in Sources */,
			);
			runOnlyForDeploymentPostprocessing = 0;
		};
		A5B6774A22A5ACF700708DD3 /* Sources */ = {
			isa = PBXSourcesBuildPhase;
			buildActionMask = 2147483647;
			files = (
				8851E15A22B9820D00B8A2C1 /* GraphQLJSONDecoderTests.swift in Sources */,
				A5D2EC7522AEF4E500626D76 /* GraphQLValidatingTests.swift in Sources */,
				A5BFD29222AEA33500B37555 /* GraphQLRemoteErrorTests.swift in Sources */,
				A5D2EC6722AEE69B00626D76 /* StubManager.swift in Sources */,
				A5D2EC8E22AEF95F00626D76 /* GraphQLResponseValidatorTests.swift in Sources */,
				A5D2EC6D22AEEC9A00626D76 /* MockProvider.swift in Sources */,
				0FCAD45322BAA4BB00BFA931 /* MockResponse.swift in Sources */,
				A5D2EC6522AEE61500626D76 /* GraphQLClientTests.swift in Sources */,
				A5D2EC7722AEF5A500626D76 /* MockRequest.swift in Sources */,
				A5D2EC6B22AEEBE300626D76 /* MockLogger.swift in Sources */,
			);
			runOnlyForDeploymentPostprocessing = 0;
		};
/* End PBXSourcesBuildPhase section */

/* Begin PBXTargetDependency section */
		A5B6775122A5ACF700708DD3 /* PBXTargetDependency */ = {
			isa = PBXTargetDependency;
			target = A5B6774422A5ACF700708DD3 /* graphql-ios */;
			targetProxy = A5B6775022A5ACF700708DD3 /* PBXContainerItemProxy */;
		};
/* End PBXTargetDependency section */

/* Begin XCBuildConfiguration section */
		A5B6775722A5ACF700708DD3 /* Debug */ = {
			isa = XCBuildConfiguration;
			buildSettings = {
				ALWAYS_SEARCH_USER_PATHS = NO;
				CLANG_ANALYZER_NONNULL = YES;
				CLANG_ANALYZER_NUMBER_OBJECT_CONVERSION = YES_AGGRESSIVE;
				CLANG_CXX_LANGUAGE_STANDARD = "gnu++14";
				CLANG_CXX_LIBRARY = "libc++";
				CLANG_ENABLE_MODULES = YES;
				CLANG_ENABLE_OBJC_ARC = YES;
				CLANG_ENABLE_OBJC_WEAK = YES;
				CLANG_WARN_BLOCK_CAPTURE_AUTORELEASING = YES;
				CLANG_WARN_BOOL_CONVERSION = YES;
				CLANG_WARN_COMMA = YES;
				CLANG_WARN_CONSTANT_CONVERSION = YES;
				CLANG_WARN_DEPRECATED_OBJC_IMPLEMENTATIONS = YES;
				CLANG_WARN_DIRECT_OBJC_ISA_USAGE = YES_ERROR;
				CLANG_WARN_DOCUMENTATION_COMMENTS = YES;
				CLANG_WARN_EMPTY_BODY = YES;
				CLANG_WARN_ENUM_CONVERSION = YES;
				CLANG_WARN_INFINITE_RECURSION = YES;
				CLANG_WARN_INT_CONVERSION = YES;
				CLANG_WARN_NON_LITERAL_NULL_CONVERSION = YES;
				CLANG_WARN_OBJC_IMPLICIT_RETAIN_SELF = YES;
				CLANG_WARN_OBJC_LITERAL_CONVERSION = YES;
				CLANG_WARN_OBJC_ROOT_CLASS = YES_ERROR;
				CLANG_WARN_RANGE_LOOP_ANALYSIS = YES;
				CLANG_WARN_STRICT_PROTOTYPES = YES;
				CLANG_WARN_SUSPICIOUS_MOVE = YES;
				CLANG_WARN_UNGUARDED_AVAILABILITY = YES_AGGRESSIVE;
				CLANG_WARN_UNREACHABLE_CODE = YES;
				CLANG_WARN__DUPLICATE_METHOD_MATCH = YES;
				CODE_SIGN_IDENTITY = "iPhone Developer";
				COPY_PHASE_STRIP = NO;
				CURRENT_PROJECT_VERSION = 1;
				DEBUG_INFORMATION_FORMAT = dwarf;
				ENABLE_STRICT_OBJC_MSGSEND = YES;
				ENABLE_TESTABILITY = YES;
				GCC_C_LANGUAGE_STANDARD = gnu11;
				GCC_DYNAMIC_NO_PIC = NO;
				GCC_NO_COMMON_BLOCKS = YES;
				GCC_OPTIMIZATION_LEVEL = 0;
				GCC_PREPROCESSOR_DEFINITIONS = (
					"DEBUG=1",
					"$(inherited)",
				);
				GCC_WARN_64_TO_32_BIT_CONVERSION = YES;
				GCC_WARN_ABOUT_RETURN_TYPE = YES_ERROR;
				GCC_WARN_UNDECLARED_SELECTOR = YES;
				GCC_WARN_UNINITIALIZED_AUTOS = YES_AGGRESSIVE;
				GCC_WARN_UNUSED_FUNCTION = YES;
				GCC_WARN_UNUSED_VARIABLE = YES;
				IPHONEOS_DEPLOYMENT_TARGET = 9.0;
				MTL_ENABLE_DEBUG_INFO = INCLUDE_SOURCE;
				MTL_FAST_MATH = YES;
				ONLY_ACTIVE_ARCH = YES;
				SDKROOT = iphoneos;
				SWIFT_ACTIVE_COMPILATION_CONDITIONS = DEBUG;
				SWIFT_OPTIMIZATION_LEVEL = "-Onone";
				VERSIONING_SYSTEM = "apple-generic";
				VERSION_INFO_PREFIX = "";
			};
			name = Debug;
		};
		A5B6775822A5ACF700708DD3 /* Release */ = {
			isa = XCBuildConfiguration;
			buildSettings = {
				ALWAYS_SEARCH_USER_PATHS = NO;
				CLANG_ANALYZER_NONNULL = YES;
				CLANG_ANALYZER_NUMBER_OBJECT_CONVERSION = YES_AGGRESSIVE;
				CLANG_CXX_LANGUAGE_STANDARD = "gnu++14";
				CLANG_CXX_LIBRARY = "libc++";
				CLANG_ENABLE_MODULES = YES;
				CLANG_ENABLE_OBJC_ARC = YES;
				CLANG_ENABLE_OBJC_WEAK = YES;
				CLANG_WARN_BLOCK_CAPTURE_AUTORELEASING = YES;
				CLANG_WARN_BOOL_CONVERSION = YES;
				CLANG_WARN_COMMA = YES;
				CLANG_WARN_CONSTANT_CONVERSION = YES;
				CLANG_WARN_DEPRECATED_OBJC_IMPLEMENTATIONS = YES;
				CLANG_WARN_DIRECT_OBJC_ISA_USAGE = YES_ERROR;
				CLANG_WARN_DOCUMENTATION_COMMENTS = YES;
				CLANG_WARN_EMPTY_BODY = YES;
				CLANG_WARN_ENUM_CONVERSION = YES;
				CLANG_WARN_INFINITE_RECURSION = YES;
				CLANG_WARN_INT_CONVERSION = YES;
				CLANG_WARN_NON_LITERAL_NULL_CONVERSION = YES;
				CLANG_WARN_OBJC_IMPLICIT_RETAIN_SELF = YES;
				CLANG_WARN_OBJC_LITERAL_CONVERSION = YES;
				CLANG_WARN_OBJC_ROOT_CLASS = YES_ERROR;
				CLANG_WARN_RANGE_LOOP_ANALYSIS = YES;
				CLANG_WARN_STRICT_PROTOTYPES = YES;
				CLANG_WARN_SUSPICIOUS_MOVE = YES;
				CLANG_WARN_UNGUARDED_AVAILABILITY = YES_AGGRESSIVE;
				CLANG_WARN_UNREACHABLE_CODE = YES;
				CLANG_WARN__DUPLICATE_METHOD_MATCH = YES;
				CODE_SIGN_IDENTITY = "iPhone Developer";
				COPY_PHASE_STRIP = NO;
				CURRENT_PROJECT_VERSION = 1;
				DEBUG_INFORMATION_FORMAT = "dwarf-with-dsym";
				ENABLE_NS_ASSERTIONS = NO;
				ENABLE_STRICT_OBJC_MSGSEND = YES;
				GCC_C_LANGUAGE_STANDARD = gnu11;
				GCC_NO_COMMON_BLOCKS = YES;
				GCC_WARN_64_TO_32_BIT_CONVERSION = YES;
				GCC_WARN_ABOUT_RETURN_TYPE = YES_ERROR;
				GCC_WARN_UNDECLARED_SELECTOR = YES;
				GCC_WARN_UNINITIALIZED_AUTOS = YES_AGGRESSIVE;
				GCC_WARN_UNUSED_FUNCTION = YES;
				GCC_WARN_UNUSED_VARIABLE = YES;
				IPHONEOS_DEPLOYMENT_TARGET = 9.0;
				MTL_ENABLE_DEBUG_INFO = NO;
				MTL_FAST_MATH = YES;
				SDKROOT = iphoneos;
				SWIFT_COMPILATION_MODE = wholemodule;
				SWIFT_OPTIMIZATION_LEVEL = "-O";
				VALIDATE_PRODUCT = YES;
				VERSIONING_SYSTEM = "apple-generic";
				VERSION_INFO_PREFIX = "";
			};
			name = Release;
		};
		A5B6775A22A5ACF700708DD3 /* Debug */ = {
			isa = XCBuildConfiguration;
			baseConfigurationReference = 8CAC723269A642BB899C8B86 /* Pods-graphql-ios.debug.xcconfig */;
			buildSettings = {
				CLANG_ENABLE_MODULES = YES;
				CODE_SIGN_IDENTITY = "";
				CODE_SIGN_STYLE = Automatic;
				DEFINES_MODULE = YES;
				DEVELOPMENT_TEAM = 9L5V62P6L2;
				DYLIB_COMPATIBILITY_VERSION = 1;
				DYLIB_CURRENT_VERSION = 1;
				DYLIB_INSTALL_NAME_BASE = "@rpath";
				INFOPLIST_FILE = "graphql-ios/Info.plist";
				INSTALL_PATH = "$(LOCAL_LIBRARY_DIR)/Frameworks";
				LD_RUNPATH_SEARCH_PATHS = (
					"$(inherited)",
					"@executable_path/Frameworks",
					"@loader_path/Frameworks",
				);
				PRODUCT_BUNDLE_IDENTIFIER = "com.fooda.graphql-ios";
				PRODUCT_NAME = "$(TARGET_NAME:c99extidentifier)";
				SKIP_INSTALL = YES;
				SWIFT_OPTIMIZATION_LEVEL = "-Onone";
				SWIFT_VERSION = 5.0;
				TARGETED_DEVICE_FAMILY = "1,2";
			};
			name = Debug;
		};
		A5B6775B22A5ACF700708DD3 /* Release */ = {
			isa = XCBuildConfiguration;
			baseConfigurationReference = 34572D952D9B40B9BC9F3F60 /* Pods-graphql-ios.release.xcconfig */;
			buildSettings = {
				CLANG_ENABLE_MODULES = YES;
				CODE_SIGN_IDENTITY = "";
				CODE_SIGN_STYLE = Automatic;
				DEFINES_MODULE = YES;
				DEVELOPMENT_TEAM = 9L5V62P6L2;
				DYLIB_COMPATIBILITY_VERSION = 1;
				DYLIB_CURRENT_VERSION = 1;
				DYLIB_INSTALL_NAME_BASE = "@rpath";
				INFOPLIST_FILE = "graphql-ios/Info.plist";
				INSTALL_PATH = "$(LOCAL_LIBRARY_DIR)/Frameworks";
				LD_RUNPATH_SEARCH_PATHS = (
					"$(inherited)",
					"@executable_path/Frameworks",
					"@loader_path/Frameworks",
				);
				PRODUCT_BUNDLE_IDENTIFIER = "com.fooda.graphql-ios";
				PRODUCT_NAME = "$(TARGET_NAME:c99extidentifier)";
				SKIP_INSTALL = YES;
				SWIFT_VERSION = 5.0;
				TARGETED_DEVICE_FAMILY = "1,2";
			};
			name = Release;
		};
		A5B6775D22A5ACF700708DD3 /* Debug */ = {
			isa = XCBuildConfiguration;
			baseConfigurationReference = FF727609E3B635DF3AA19349 /* Pods-graphql-iosTests.debug.xcconfig */;
			buildSettings = {
				ALWAYS_EMBED_SWIFT_STANDARD_LIBRARIES = YES;
				CODE_SIGN_STYLE = Automatic;
				DEVELOPMENT_TEAM = 9L5V62P6L2;
				INFOPLIST_FILE = "graphql-iosTests/Info.plist";
				LD_RUNPATH_SEARCH_PATHS = (
					"$(inherited)",
					"@executable_path/Frameworks",
					"@loader_path/Frameworks",
				);
				PRODUCT_BUNDLE_IDENTIFIER = "com.fooda.graphql-iosTests";
				PRODUCT_NAME = "$(TARGET_NAME)";
				SWIFT_VERSION = 5.0;
				TARGETED_DEVICE_FAMILY = "1,2";
			};
			name = Debug;
		};
		A5B6775E22A5ACF700708DD3 /* Release */ = {
			isa = XCBuildConfiguration;
			baseConfigurationReference = 31ECD3641C634A8788AA2152 /* Pods-graphql-iosTests.release.xcconfig */;
			buildSettings = {
				ALWAYS_EMBED_SWIFT_STANDARD_LIBRARIES = YES;
				CODE_SIGN_STYLE = Automatic;
				DEVELOPMENT_TEAM = 9L5V62P6L2;
				INFOPLIST_FILE = "graphql-iosTests/Info.plist";
				LD_RUNPATH_SEARCH_PATHS = (
					"$(inherited)",
					"@executable_path/Frameworks",
					"@loader_path/Frameworks",
				);
				PRODUCT_BUNDLE_IDENTIFIER = "com.fooda.graphql-iosTests";
				PRODUCT_NAME = "$(TARGET_NAME)";
				SWIFT_VERSION = 5.0;
				TARGETED_DEVICE_FAMILY = "1,2";
			};
			name = Release;
		};
/* End XCBuildConfiguration section */

/* Begin XCConfigurationList section */
		A5B6773F22A5ACF700708DD3 /* Build configuration list for PBXProject "graphql-ios" */ = {
			isa = XCConfigurationList;
			buildConfigurations = (
				A5B6775722A5ACF700708DD3 /* Debug */,
				A5B6775822A5ACF700708DD3 /* Release */,
			);
			defaultConfigurationIsVisible = 0;
			defaultConfigurationName = Release;
		};
		A5B6775922A5ACF700708DD3 /* Build configuration list for PBXNativeTarget "graphql-ios" */ = {
			isa = XCConfigurationList;
			buildConfigurations = (
				A5B6775A22A5ACF700708DD3 /* Debug */,
				A5B6775B22A5ACF700708DD3 /* Release */,
			);
			defaultConfigurationIsVisible = 0;
			defaultConfigurationName = Release;
		};
		A5B6775C22A5ACF700708DD3 /* Build configuration list for PBXNativeTarget "graphql-iosTests" */ = {
			isa = XCConfigurationList;
			buildConfigurations = (
				A5B6775D22A5ACF700708DD3 /* Debug */,
				A5B6775E22A5ACF700708DD3 /* Release */,
			);
			defaultConfigurationIsVisible = 0;
			defaultConfigurationName = Release;
		};
/* End XCConfigurationList section */
	};
	rootObject = A5B6773C22A5ACF700708DD3 /* Project object */;
}
